
Microsoft Visual Studio Solution File, Format Version 12.00
# Visual Studio Version 16
VisualStudioVersion = 16.0.28729.10
MinimumVisualStudioVersion = 10.0.40219.1
Project("{8BC9CEB8-8B4A-11D0-8D11-00A0C91BC942}") = "RicochetRobotSolver", "RicochetRobotSolver\RicochetRobotSolver.vcxproj", "{19D15076-253C-4C1B-8FFD-751A2E9A7CAA}"
EndProject
Project("{888888A0-9F3D-457C-B088-3A5042F75D52}") = "SolverChecker", "SolverChecker\SolverChecker.pyproj", "{60294063-F7F9-4AC3-A314-0A950AE03927}"
EndProject
Global
	GlobalSection(SolutionConfigurationPlatforms) = preSolution
		Debug|Any CPU = Debug|Any CPU
		Debug|x64 = Debug|x64
		Debug|x86 = Debug|x86
		Release|Any CPU = Release|Any CPU
		Release|x64 = Release|x64
		Release|x86 = Release|x86
	EndGlobalSection
	GlobalSection(ProjectConfigurationPlatforms) = postSolution
		{19D15076-253C-4C1B-8FFD-751A2E9A7CAA}.Debug|Any CPU.ActiveCfg = Debug|Win32
		{19D15076-253C-4C1B-8FFD-751A2E9A7CAA}.Debug|x64.ActiveCfg = Debug|x64
		{19D15076-253C-4C1B-8FFD-751A2E9A7CAA}.Debug|x64.Build.0 = Debug|x64
		{19D15076-253C-4C1B-8FFD-751A2E9A7CAA}.Debug|x86.ActiveCfg = Debug|Win32
		{19D15076-253C-4C1B-8FFD-751A2E9A7CAA}.Debug|x86.Build.0 = Debug|Win32
		{19D15076-253C-4C1B-8FFD-751A2E9A7CAA}.Release|Any CPU.ActiveCfg = Release|Win32
		{19D15076-253C-4C1B-8FFD-751A2E9A7CAA}.Release|x64.ActiveCfg = Release|x64
		{19D15076-253C-4C1B-8FFD-751A2E9A7CAA}.Release|x64.Build.0 = Release|x64
		{19D15076-253C-4C1B-8FFD-751A2E9A7CAA}.Release|x86.ActiveCfg = Release|Win32
		{19D15076-253C-4C1B-8FFD-751A2E9A7CAA}.Release|x86.Build.0 = Release|Win32
		{60294063-F7F9-4AC3-A314-0A950AE03927}.Debug|Any CPU.ActiveCfg = Debug|Any CPU
		{60294063-F7F9-4AC3-A314-0A950AE03927}.Debug|x64.ActiveCfg = Debug|Any CPU
		{60294063-F7F9-4AC3-A314-0A950AE03927}.Debug|x86.ActiveCfg = Debug|Any CPU
		{60294063-F7F9-4AC3-A314-0A950AE03927}.Release|Any CPU.ActiveCfg = Release|Any CPU
		{60294063-F7F9-4AC3-A314-0A950AE03927}.Release|x64.ActiveCfg = Release|Any CPU
		{60294063-F7F9-4AC3-A314-0A950AE03927}.Release|x86.ActiveCfg = Release|Any CPU
	EndGlobalSection
	GlobalSection(SolutionProperties) = preSolution
		HideSolutionNode = FALSE
	EndGlobalSection
	GlobalSection(ExtensibilityGlobals) = postSolution
		SolutionGuid = {99E5387E-9A16-4981-A766-D8AE182DFE3D}
	EndGlobalSection
EndGlobal
